// !$*UTF8*$!
{
	archiveVersion = 1;
	classes = {
	};
	objectVersion = 50;
	objects = {

/* Begin PBXBuildFile section */
		485302AC24B70F48005278AB /* AppDelegate.swift in Sources */ = {isa = PBXBuildFile; fileRef = 485302AB24B70F48005278AB /* AppDelegate.swift */; };
		485302AE24B70F48005278AB /* SceneDelegate.swift in Sources */ = {isa = PBXBuildFile; fileRef = 485302AD24B70F48005278AB /* SceneDelegate.swift */; };
		485302B024B70F48005278AB /* ViewController.swift in Sources */ = {isa = PBXBuildFile; fileRef = 485302AF24B70F48005278AB /* ViewController.swift */; };
		485302B324B70F48005278AB /* Main.storyboard in Resources */ = {isa = PBXBuildFile; fileRef = 485302B124B70F48005278AB /* Main.storyboard */; };
		485302B524B70F49005278AB /* Assets.xcassets in Resources */ = {isa = PBXBuildFile; fileRef = 485302B424B70F49005278AB /* Assets.xcassets */; };
		485302B824B70F49005278AB /* LaunchScreen.storyboard in Resources */ = {isa = PBXBuildFile; fileRef = 485302B624B70F49005278AB /* LaunchScreen.storyboard */; };
		485302C024B7100B005278AB /* video.mp4 in Resources */ = {isa = PBXBuildFile; fileRef = 485302BF24B7100B005278AB /* video.mp4 */; };
		485302C224B71F6E005278AB /* AudioViewController.swift in Sources */ = {isa = PBXBuildFile; fileRef = 485302C124B71F6E005278AB /* AudioViewController.swift */; };
		485302C424B72118005278AB /* aac.aac in Resources */ = {isa = PBXBuildFile; fileRef = 485302C324B72118005278AB /* aac.aac */; };
		485302C624B721C0005278AB /* amr.amr in Resources */ = {isa = PBXBuildFile; fileRef = 485302C524B721C0005278AB /* amr.amr */; };
/* End PBXBuildFile section */

/* Begin PBXFileReference section */
		485302A824B70F48005278AB /* video-player.app */ = {isa = PBXFileReference; explicitFileType = wrapper.application; includeInIndex = 0; path = "video-player.app"; sourceTree = BUILT_PRODUCTS_DIR; };
		485302AB24B70F48005278AB /* AppDelegate.swift */ = {isa = PBXFileReference; lastKnownFileType = sourcecode.swift; path = AppDelegate.swift; sourceTree = "<group>"; };
		485302AD24B70F48005278AB /* SceneDelegate.swift */ = {isa = PBXFileReference; lastKnownFileType = sourcecode.swift; path = SceneDelegate.swift; sourceTree = "<group>"; };
		485302AF24B70F48005278AB /* ViewController.swift */ = {isa = PBXFileReference; lastKnownFileType = sourcecode.swift; path = ViewController.swift; sourceTree = "<group>"; };
		485302B224B70F48005278AB /* Base */ = {isa = PBXFileReference; lastKnownFileType = file.storyboard; name = Base; path = Base.lproj/Main.storyboard; sourceTree = "<group>"; };
		485302B424B70F49005278AB /* Assets.xcassets */ = {isa = PBXFileReference; lastKnownFileType = folder.assetcatalog; path = Assets.xcassets; sourceTree = "<group>"; };
		485302B724B70F49005278AB /* Base */ = {isa = PBXFileReference; lastKnownFileType = file.storyboard; name = Base; path = Base.lproj/LaunchScreen.storyboard; sourceTree = "<group>"; };
		485302B924B70F49005278AB /* Info.plist */ = {isa = PBXFileReference; lastKnownFileType = text.plist.xml; path = Info.plist; sourceTree = "<group>"; };
		485302BF24B7100B005278AB /* video.mp4 */ = {isa = PBXFileReference; lastKnownFileType = file; name = video.mp4; path = "../../../../Downloads/audio n video samples/video.mp4"; sourceTree = "<group>"; };
		485302C124B71F6E005278AB /* AudioViewController.swift */ = {isa = PBXFileReference; lastKnownFileType = sourcecode.swift; path = AudioViewController.swift; sourceTree = "<group>"; };
		485302C324B72118005278AB /* aac.aac */ = {isa = PBXFileReference; lastKnownFileType = file; name = aac.aac; path = "../../../../Downloads/audio n video samples/aac.aac"; sourceTree = "<group>"; };
		485302C524B721C0005278AB /* amr.amr */ = {isa = PBXFileReference; lastKnownFileType = file; name = amr.amr; path = "../../../../Downloads/audio n video samples/amr.amr"; sourceTree = "<group>"; };
/* End PBXFileReference section */

/* Begin PBXFrameworksBuildPhase section */
		485302A524B70F48005278AB /* Frameworks */ = {
			isa = PBXFrameworksBuildPhase;
			buildActionMask = 2147483647;
			files = (
			);
			runOnlyForDeploymentPostprocessing = 0;
		};
/* End PBXFrameworksBuildPhase section */

/* Begin PBXGroup section */
		4853029F24B70F48005278AB = {
			isa = PBXGroup;
			children = (
				485302AA24B70F48005278AB /* video-player */,
				485302A924B70F48005278AB /* Products */,
			);
			sourceTree = "<group>";
		};
		485302A924B70F48005278AB /* Products */ = {
			isa = PBXGroup;
			children = (
				485302A824B70F48005278AB /* video-player.app */,
			);
			name = Products;
			sourceTree = "<group>";
		};
		485302AA24B70F48005278AB /* video-player */ = {
			isa = PBXGroup;
			children = (
				485302C524B721C0005278AB /* amr.amr */,
				485302C324B72118005278AB /* aac.aac */,
				485302BF24B7100B005278AB /* video.mp4 */,
				485302AB24B70F48005278AB /* AppDelegate.swift */,
				485302AD24B70F48005278AB /* SceneDelegate.swift */,
				485302AF24B70F48005278AB /* ViewController.swift */,
				485302B124B70F48005278AB /* Main.storyboard */,
				485302B424B70F49005278AB /* Assets.xcassets */,
				485302B624B70F49005278AB /* LaunchScreen.storyboard */,
				485302B924B70F49005278AB /* Info.plist */,
				485302C124B71F6E005278AB /* AudioViewController.swift */,
			);
			path = "video-player";
			sourceTree = "<group>";
		};
/* End PBXGroup section */

/* Begin PBXNativeTarget section */
		485302A724B70F48005278AB /* video-player */ = {
			isa = PBXNativeTarget;
			buildConfigurationList = 485302BC24B70F49005278AB /* Build configuration list for PBXNativeTarget "video-player" */;
			buildPhases = (
				485302A424B70F48005278AB /* Sources */,
				485302A524B70F48005278AB /* Frameworks */,
				485302A624B70F48005278AB /* Resources */,
			);
			buildRules = (
			);
			dependencies = (
			);
			name = "video-player";
			productName = "video-player";
			productReference = 485302A824B70F48005278AB /* video-player.app */;
			productType = "com.apple.product-type.application";
		};
/* End PBXNativeTarget section */

/* Begin PBXProject section */
		485302A024B70F48005278AB /* Project object */ = {
			isa = PBXProject;
			attributes = {
				LastSwiftUpdateCheck = 1150;
				LastUpgradeCheck = 1150;
				ORGANIZATIONNAME = dmytro;
				TargetAttributes = {
					485302A724B70F48005278AB = {
						CreatedOnToolsVersion = 11.5;
					};
				};
			};
			buildConfigurationList = 485302A324B70F48005278AB /* Build configuration list for PBXProject "video-player" */;
			compatibilityVersion = "Xcode 9.3";
			developmentRegion = en;
			hasScannedForEncodings = 0;
			knownRegions = (
				en,
				Base,
			);
			mainGroup = 4853029F24B70F48005278AB;
			productRefGroup = 485302A924B70F48005278AB /* Products */;
			projectDirPath = "";
			projectRoot = "";
			targets = (
				485302A724B70F48005278AB /* video-player */,
			);
		};
/* End PBXProject section */

/* Begin PBXResourcesBuildPhase section */
		485302A624B70F48005278AB /* Resources */ = {
			isa = PBXResourcesBuildPhase;
			buildActionMask = 2147483647;
			files = (
				485302C424B72118005278AB /* aac.aac in Resources */,
				485302B824B70F49005278AB /* LaunchScreen.storyboard in Resources */,
				485302B524B70F49005278AB /* Assets.xcassets in Resources */,
				485302C624B721C0005278AB /* amr.amr in Resources */,
				485302B324B70F48005278AB /* Main.storyboard in Resources */,
				485302C024B7100B005278AB /* video.mp4 in Resources */,
			);
			runOnlyForDeploymentPostprocessing = 0;
		};
/* End PBXResourcesBuildPhase section */

/* Begin PBXSourcesBuildPhase section */
		485302A424B70F48005278AB /* Sources */ = {
			isa = PBXSourcesBuildPhase;
			buildActionMask = 2147483647;
			files = (
				485302B024B70F48005278AB /* ViewController.swift in Sources */,
				485302C224B71F6E005278AB /* AudioViewController.swift in Sources */,
				485302AC24B70F48005278AB /* AppDelegate.swift in Sources */,
				485302AE24B70F48005278AB /* SceneDelegate.swift in Sources */,
			);
			runOnlyForDeploymentPostprocessing = 0;
		};
/* End PBXSourcesBuildPhase section */

/* Begin PBXVariantGroup section */
		485302B124B70F48005278AB /* Main.storyboard */ = {
			isa = PBXVariantGroup;
			children = (
				485302B224B70F48005278AB /* Base */,
			);
			name = Main.storyboard;
			sourceTree = "<group>";
		};
		485302B624B70F49005278AB /* LaunchScreen.storyboard */ = {
			isa = PBXVariantGroup;
			children = (
				485302B724B70F49005278AB /* Base */,
			);
			name = LaunchScreen.storyboard;
			sourceTree = "<group>";
		};
/* End PBXVariantGroup section */

/* Begin XCBuildConfiguration section */
		485302BA24B70F49005278AB /* Debug */ = {
			isa = XCBuildConfiguration;
			buildSettings = {
				ALWAYS_SEARCH_USER_PATHS = NO;
				CLANG_ANALYZER_NONNULL = YES;
				CLANG_ANALYZER_NUMBER_OBJECT_CONVERSION = YES_AGGRESSIVE;
				CLANG_CXX_LANGUAGE_STANDARD = "gnu++14";
				CLANG_CXX_LIBRARY = "libc++";
				CLANG_ENABLE_MODULES = YES;
				CLANG_ENABLE_OBJC_ARC = YES;
				CLANG_ENABLE_OBJC_WEAK = YES;
				CLANG_WARN_BLOCK_CAPTURE_AUTORELEASING = YES;
				CLANG_WARN_BOOL_CONVERSION = YES;
				CLANG_WARN_COMMA = YES;
				CLANG_WARN_CONSTANT_CONVERSION = YES;
				CLANG_WARN_DEPRECATED_OBJC_IMPLEMENTATIONS = YES;
				CLANG_WARN_DIRECT_OBJC_ISA_USAGE = YES_ERROR;
				CLANG_WARN_DOCUMENTATION_COMMENTS = YES;
				CLANG_WARN_EMPTY_BODY = YES;
				CLANG_WARN_ENUM_CONVERSION = YES;
				CLANG_WARN_INFINITE_RECURSION = YES;
				CLANG_WARN_INT_CONVERSION = YES;
				CLANG_WARN_NON_LITERAL_NULL_CONVERSION = YES;
				CLANG_WARN_OBJC_IMPLICIT_RETAIN_SELF = YES;
				CLANG_WARN_OBJC_LITERAL_CONVERSION = YES;
				CLANG_WARN_OBJC_ROOT_CLASS = YES_ERROR;
				CLANG_WARN_RANGE_LOOP_ANALYSIS = YES;
				CLANG_WARN_STRICT_PROTOTYPES = YES;
				CLANG_WARN_SUSPICIOUS_MOVE = YES;
				CLANG_WARN_UNGUARDED_AVAILABILITY = YES_AGGRESSIVE;
				CLANG_WARN_UNREACHABLE_CODE = YES;
				CLANG_WARN__DUPLICATE_METHOD_MATCH = YES;
				COPY_PHASE_STRIP = NO;
				DEBUG_INFORMATION_FORMAT = dwarf;
				ENABLE_STRICT_OBJC_MSGSEND = YES;
				ENABLE_TESTABILITY = YES;
				GCC_C_LANGUAGE_STANDARD = gnu11;
				GCC_DYNAMIC_NO_PIC = NO;
				GCC_NO_COMMON_BLOCKS = YES;
				GCC_OPTIMIZATION_LEVEL = 0;
				GCC_PREPROCESSOR_DEFINITIONS = (
					"DEBUG=1",
					"$(inherited)",
				);
				GCC_WARN_64_TO_32_BIT_CONVERSION = YES;
				GCC_WARN_ABOUT_RETURN_TYPE = YES_ERROR;
				GCC_WARN_UNDECLARED_SELECTOR = YES;
				GCC_WARN_UNINITIALIZED_AUTOS = YES_AGGRESSIVE;
				GCC_WARN_UNUSED_FUNCTION = YES;
				GCC_WARN_UNUSED_VARIABLE = YES;
				IPHONEOS_DEPLOYMENT_TARGET = 13.5;
				MTL_ENABLE_DEBUG_INFO = INCLUDE_SOURCE;
				MTL_FAST_MATH = YES;
				ONLY_ACTIVE_ARCH = YES;
				SDKROOT = iphoneos;
				SWIFT_ACTIVE_COMPILATION_CONDITIONS = DEBUG;
				SWIFT_OPTIMIZATION_LEVEL = "-Onone";
			};
			name = Debug;
		};
		485302BB24B70F49005278AB /* Release */ = {
			isa = XCBuildConfiguration;
			buildSettings = {
				ALWAYS_SEARCH_USER_PATHS = NO;
				CLANG_ANALYZER_NONNULL = YES;
				CLANG_ANALYZER_NUMBER_OBJECT_CONVERSION = YES_AGGRESSIVE;
				CLANG_CXX_LANGUAGE_STANDARD = "gnu++14";
				CLANG_CXX_LIBRARY = "libc++";
				CLANG_ENABLE_MODULES = YES;
				CLANG_ENABLE_OBJC_ARC = YES;
				CLANG_ENABLE_OBJC_WEAK = YES;
				CLANG_WARN_BLOCK_CAPTURE_AUTORELEASING = YES;
				CLANG_WARN_BOOL_CONVERSION = YES;
				CLANG_WARN_COMMA = YES;
				CLANG_WARN_CONSTANT_CONVERSION = YES;
				CLANG_WARN_DEPRECATED_OBJC_IMPLEMENTATIONS = YES;
				CLANG_WARN_DIRECT_OBJC_ISA_USAGE = YES_ERROR;
				CLANG_WARN_DOCUMENTATION_COMMENTS = YES;
				CLANG_WARN_EMPTY_BODY = YES;
				CLANG_WARN_ENUM_CONVERSION = YES;
				CLANG_WARN_INFINITE_RECURSION = YES;
				CLANG_WARN_INT_CONVERSION = YES;
				CLANG_WARN_NON_LITERAL_NULL_CONVERSION = YES;
				CLANG_WARN_OBJC_IMPLICIT_RETAIN_SELF = YES;
				CLANG_WARN_OBJC_LITERAL_CONVERSION = YES;
				CLANG_WARN_OBJC_ROOT_CLASS = YES_ERROR;
				CLANG_WARN_RANGE_LOOP_ANALYSIS = YES;
				CLANG_WARN_STRICT_PROTOTYPES = YES;
				CLANG_WARN_SUSPICIOUS_MOVE = YES;
				CLANG_WARN_UNGUARDED_AVAILABILITY = YES_AGGRESSIVE;
				CLANG_WARN_UNREACHABLE_CODE = YES;
				CLANG_WARN__DUPLICATE_METHOD_MATCH = YES;
				COPY_PHASE_STRIP = NO;
				DEBUG_INFORMATION_FORMAT = "dwarf-with-dsym";
				ENABLE_NS_ASSERTIONS = NO;
				ENABLE_STRICT_OBJC_MSGSEND = YES;
				GCC_C_LANGUAGE_STANDARD = gnu11;
				GCC_NO_COMMON_BLOCKS = YES;
				GCC_WARN_64_TO_32_BIT_CONVERSION = YES;
				GCC_WARN_ABOUT_RETURN_TYPE = YES_ERROR;
				GCC_WARN_UNDECLARED_SELECTOR = YES;
				GCC_WARN_UNINITIALIZED_AUTOS = YES_AGGRESSIVE;
				GCC_WARN_UNUSED_FUNCTION = YES;
				GCC_WARN_UNUSED_VARIABLE = YES;
				IPHONEOS_DEPLOYMENT_TARGET = 13.5;
				MTL_ENABLE_DEBUG_INFO = NO;
				MTL_FAST_MATH = YES;
				SDKROOT = iphoneos;
				SWIFT_COMPILATION_MODE = wholemodule;
				SWIFT_OPTIMIZATION_LEVEL = "-O";
				VALIDATE_PRODUCT = YES;
			};
			name = Release;
		};
		485302BD24B70F49005278AB /* Debug */ = {
			isa = XCBuildConfiguration;
			buildSettings = {
				ASSETCATALOG_COMPILER_APPICON_NAME = AppIcon;
				CODE_SIGN_STYLE = Automatic;
				DEVELOPMENT_TEAM = X33N9249RZ;
				INFOPLIST_FILE = "video-player/Info.plist";
				LD_RUNPATH_SEARCH_PATHS = (
					"$(inherited)",
					"@executable_path/Frameworks",
				);
				PRODUCT_BUNDLE_IDENTIFIER = "com.com.video-player";
				PRODUCT_NAME = "$(TARGET_NAME)";
				SWIFT_VERSION = 5.0;
				TARGETED_DEVICE_FAMILY = "1,2";
			};
			name = Debug;
		};
		485302BE24B70F49005278AB /* Release */ = {
			isa = XCBuildConfiguration;
			buildSettings = {
				ASSETCATALOG_COMPILER_APPICON_NAME = AppIcon;
				CODE_SIGN_STYLE = Automatic;
				DEVELOPMENT_TEAM = X33N9249RZ;
				INFOPLIST_FILE = "video-player/Info.plist";
				LD_RUNPATH_SEARCH_PATHS = (
					"$(inherited)",
					"@executable_path/Frameworks",
				);
				PRODUCT_BUNDLE_IDENTIFIER = "com.com.video-player";
				PRODUCT_NAME = "$(TARGET_NAME)";
				SWIFT_VERSION = 5.0;
				TARGETED_DEVICE_FAMILY = "1,2";
			};
			name = Release;
		};
/* End XCBuildConfiguration section */

/* Begin XCConfigurationList section */
		485302A324B70F48005278AB /* Build configuration list for PBXProject "video-player" */ = {
			isa = XCConfigurationList;
			buildConfigurations = (
				485302BA24B70F49005278AB /* Debug */,
				485302BB24B70F49005278AB /* Release */,
			);
			defaultConfigurationIsVisible = 0;
			defaultConfigurationName = Release;
		};
		485302BC24B70F49005278AB /* Build configuration list for PBXNativeTarget "video-player" */ = {
			isa = XCConfigurationList;
			buildConfigurations = (
				485302BD24B70F49005278AB /* Debug */,
				485302BE24B70F49005278AB /* Release */,
			);
			defaultConfigurationIsVisible = 0;
			defaultConfigurationName = Release;
		};
/* End XCConfigurationList section */
	};
	rootObject = 485302A024B70F48005278AB /* Project object */;
}
